
Microsoft Visual Studio Solution File, Format Version 12.00
# Visual Studio Version 17
VisualStudioVersion = 17.7.34221.43
MinimumVisualStudioVersion = 10.0.40219.1
Project("{FAE04EC0-301F-11D3-BF4B-00C04F79EFBC}") = "Arduino y Led", "Arduino y Led.csproj", "{F903A4A2-B0F7-4603-BFC8-1C757819D4DB}"
EndProject
Global
	GlobalSection(SolutionConfigurationPlatforms) = preSolution
		Debug|Any CPU = Debug|Any CPU
		Release|Any CPU = Release|Any CPU
	EndGlobalSection
	GlobalSection(ProjectConfigurationPlatforms) = postSolution
		{F903A4A2-B0F7-4603-BFC8-1C757819D4DB}.Debug|Any CPU.ActiveCfg = Debug|Any CPU
		{F903A4A2-B0F7-4603-BFC8-1C757819D4DB}.Debug|Any CPU.Build.0 = Debug|Any CPU
		{F903A4A2-B0F7-4603-BFC8-1C757819D4DB}.Release|Any CPU.ActiveCfg = Release|Any CPU
		{F903A4A2-B0F7-4603-BFC8-1C757819D4DB}.Release|Any CPU.Build.0 = Release|Any CPU
	EndGlobalSection
	GlobalSection(SolutionProperties) = preSolution
		HideSolutionNode = FALSE
	EndGlobalSection
	GlobalSection(ExtensibilityGlobals) = postSolution
		SolutionGuid = {5EB18ACB-188B-46DB-90A5-6DA3A63DE535}
	EndGlobalSection
EndGlobal
